
Microsoft Visual Studio Solution File, Format Version 12.00
# Visual Studio Version 16
VisualStudioVersion = 16.0.30621.155
MinimumVisualStudioVersion = 10.0.40219.1
Project("{FAE04EC0-301F-11D3-BF4B-00C04F79EFBC}") = "PingPong", "PingPong.csproj", "{0BEB321E-C73A-47D7-81DF-B118EA779BFE}"
EndProject
Global
	GlobalSection(SolutionConfigurationPlatforms) = preSolution
		Debug|Any CPU = Debug|Any CPU
		Debug|x64 = Debug|x64
		Release|Any CPU = Release|Any CPU
		Release|x64 = Release|x64
	EndGlobalSection
	GlobalSection(ProjectConfigurationPlatforms) = postSolution
		{0BEB321E-C73A-47D7-81DF-B118EA779BFE}.Debug|Any CPU.ActiveCfg = Debug|Any CPU
		{0BEB321E-C73A-47D7-81DF-B118EA779BFE}.Debug|Any CPU.Build.0 = Debug|Any CPU
		{0BEB321E-C73A-47D7-81DF-B118EA779BFE}.Debug|x64.ActiveCfg = Debug|x64
		{0BEB321E-C73A-47D7-81DF-B118EA779BFE}.Debug|x64.Build.0 = Debug|x64
		{0BEB321E-C73A-47D7-81DF-B118EA779BFE}.Release|Any CPU.ActiveCfg = Release|Any CPU
		{0BEB321E-C73A-47D7-81DF-B118EA779BFE}.Release|Any CPU.Build.0 = Release|Any CPU
		{0BEB321E-C73A-47D7-81DF-B118EA779BFE}.Release|x64.ActiveCfg = Release|x64
		{0BEB321E-C73A-47D7-81DF-B118EA779BFE}.Release|x64.Build.0 = Release|x64
	EndGlobalSection
	GlobalSection(SolutionProperties) = preSolution
		HideSolutionNode = FALSE
	EndGlobalSection
	GlobalSection(ExtensibilityGlobals) = postSolution
		SolutionGuid = {B9C74ECC-0EC1-44CC-92CA-09E43EDEB2FB}
	EndGlobalSection
EndGlobal
